
Microsoft Visual Studio Solution File, Format Version 12.00
# Visual Studio 14
VisualStudioVersion = 14.0.25420.1
MinimumVisualStudioVersion = 10.0.40219.1
Project("{2150E333-8FDC-42A3-9474-1A3956D46DE8}") = "LGI.Core", "LGI.Core", "{76B941F2-C2C0-4021-8428-1D123FB1C0CA}"
EndProject
Project("{2150E333-8FDC-42A3-9474-1A3956D46DE8}") = "LGI.Hsp", "LGI.Hsp", "{D1120994-9834-4A53-BFE8-F7FF7F219656}"
EndProject
Project("{2150E333-8FDC-42A3-9474-1A3956D46DE8}") = "LGI.Common", "LGI.Common", "{5A86E239-AF85-4858-B138-882A2B0EB586}"
EndProject
Project("{FAE04EC0-301F-11D3-BF4B-00C04F79EFBC}") = "LGI.Core", "LGI.Core\LGI.Core.csproj", "{58C45F46-AB02-4B31-9EB5-7EA45C538C06}"
EndProject
Project("{2150E333-8FDC-42A3-9474-1A3956D46DE8}") = "Solution Items", "Solution Items", "{C91C8C8C-0D76-47E0-841C-E1630CD765F6}"
	ProjectSection(SolutionItems) = preProject
		项目说明.txt = 项目说明.txt
	EndProjectSection
EndProject
Project("{FAE04EC0-301F-11D3-BF4B-00C04F79EFBC}") = "LGI.Core.Model", "LGI.Core.Model\LGI.Core.Model.csproj", "{4C3A3AE4-3B9A-41A7-9363-84298F53E0E2}"
EndProject
Project("{FAE04EC0-301F-11D3-BF4B-00C04F79EFBC}") = "广西大化县人民医院", "LGI.Hsp\广西大化县人民医院\广西大化县人民医院.csproj", "{F4B5C8B1-D447-4584-9EC4-48F720AEBF57}"
EndProject
Project("{FAE04EC0-301F-11D3-BF4B-00C04F79EFBC}") = "广西大化县人民医院Tests", "LGI.Hsp\广西大化县人民医院Tests\广西大化县人民医院Tests.csproj", "{10E73FD8-81F9-46D2-AF87-00CDC5FBE718}"
EndProject
Project("{FAE04EC0-301F-11D3-BF4B-00C04F79EFBC}") = "LGI.Core.LGInterface", "LGI.Core.LGInterface\LGI.Core.LGInterface.csproj", "{35186037-8B53-414F-8991-32BCB3EEF82A}"
EndProject
Project("{FAE04EC0-301F-11D3-BF4B-00C04F79EFBC}") = "LGI.Core.PathGetHis_fz", "LGI.Core.PathGetHis_fz\LGI.Core.PathGetHis_fz.csproj", "{6479B112-C66A-49D5-8BF8-20DE583408AE}"
EndProject
Project("{2150E333-8FDC-42A3-9474-1A3956D46DE8}") = "Tests", "Tests", "{0D777097-1AE1-4139-BB51-BD134091EF37}"
EndProject
Project("{FAE04EC0-301F-11D3-BF4B-00C04F79EFBC}") = "LGI.Core.Net4ToNet2Adapter", "LGI.Core.Net4ToNet2Adapter\LGI.Core.Net4ToNet2Adapter.csproj", "{93CC5758-239D-4F77-B755-0A9543562CA6}"
EndProject
Global
	GlobalSection(SolutionConfigurationPlatforms) = preSolution
		Debug|Any CPU = Debug|Any CPU
		Release|Any CPU = Release|Any CPU
	EndGlobalSection
	GlobalSection(ProjectConfigurationPlatforms) = postSolution
		{58C45F46-AB02-4B31-9EB5-7EA45C538C06}.Debug|Any CPU.ActiveCfg = Debug|Any CPU
		{58C45F46-AB02-4B31-9EB5-7EA45C538C06}.Debug|Any CPU.Build.0 = Debug|Any CPU
		{58C45F46-AB02-4B31-9EB5-7EA45C538C06}.Release|Any CPU.ActiveCfg = Release|Any CPU
		{58C45F46-AB02-4B31-9EB5-7EA45C538C06}.Release|Any CPU.Build.0 = Release|Any CPU
		{4C3A3AE4-3B9A-41A7-9363-84298F53E0E2}.Debug|Any CPU.ActiveCfg = Debug|Any CPU
		{4C3A3AE4-3B9A-41A7-9363-84298F53E0E2}.Debug|Any CPU.Build.0 = Debug|Any CPU
		{4C3A3AE4-3B9A-41A7-9363-84298F53E0E2}.Release|Any CPU.ActiveCfg = Release|Any CPU
		{4C3A3AE4-3B9A-41A7-9363-84298F53E0E2}.Release|Any CPU.Build.0 = Release|Any CPU
		{F4B5C8B1-D447-4584-9EC4-48F720AEBF57}.Debug|Any CPU.ActiveCfg = Debug|Any CPU
		{F4B5C8B1-D447-4584-9EC4-48F720AEBF57}.Debug|Any CPU.Build.0 = Debug|Any CPU
		{F4B5C8B1-D447-4584-9EC4-48F720AEBF57}.Release|Any CPU.ActiveCfg = Release|Any CPU
		{F4B5C8B1-D447-4584-9EC4-48F720AEBF57}.Release|Any CPU.Build.0 = Release|Any CPU
		{10E73FD8-81F9-46D2-AF87-00CDC5FBE718}.Debug|Any CPU.ActiveCfg = Debug|Any CPU
		{10E73FD8-81F9-46D2-AF87-00CDC5FBE718}.Debug|Any CPU.Build.0 = Debug|Any CPU
		{10E73FD8-81F9-46D2-AF87-00CDC5FBE718}.Release|Any CPU.ActiveCfg = Release|Any CPU
		{10E73FD8-81F9-46D2-AF87-00CDC5FBE718}.Release|Any CPU.Build.0 = Release|Any CPU
		{35186037-8B53-414F-8991-32BCB3EEF82A}.Debug|Any CPU.ActiveCfg = Debug|Any CPU
		{35186037-8B53-414F-8991-32BCB3EEF82A}.Debug|Any CPU.Build.0 = Debug|Any CPU
		{35186037-8B53-414F-8991-32BCB3EEF82A}.Release|Any CPU.ActiveCfg = Release|Any CPU
		{35186037-8B53-414F-8991-32BCB3EEF82A}.Release|Any CPU.Build.0 = Release|Any CPU
		{6479B112-C66A-49D5-8BF8-20DE583408AE}.Debug|Any CPU.ActiveCfg = Debug|Any CPU
		{6479B112-C66A-49D5-8BF8-20DE583408AE}.Debug|Any CPU.Build.0 = Debug|Any CPU
		{6479B112-C66A-49D5-8BF8-20DE583408AE}.Release|Any CPU.ActiveCfg = Release|Any CPU
		{6479B112-C66A-49D5-8BF8-20DE583408AE}.Release|Any CPU.Build.0 = Release|Any CPU
		{93CC5758-239D-4F77-B755-0A9543562CA6}.Debug|Any CPU.ActiveCfg = Debug|Any CPU
		{93CC5758-239D-4F77-B755-0A9543562CA6}.Debug|Any CPU.Build.0 = Debug|Any CPU
		{93CC5758-239D-4F77-B755-0A9543562CA6}.Release|Any CPU.ActiveCfg = Release|Any CPU
		{93CC5758-239D-4F77-B755-0A9543562CA6}.Release|Any CPU.Build.0 = Release|Any CPU
	EndGlobalSection
	GlobalSection(SolutionProperties) = preSolution
		HideSolutionNode = FALSE
	EndGlobalSection
	GlobalSection(NestedProjects) = preSolution
		{58C45F46-AB02-4B31-9EB5-7EA45C538C06} = {76B941F2-C2C0-4021-8428-1D123FB1C0CA}
		{4C3A3AE4-3B9A-41A7-9363-84298F53E0E2} = {76B941F2-C2C0-4021-8428-1D123FB1C0CA}
		{F4B5C8B1-D447-4584-9EC4-48F720AEBF57} = {D1120994-9834-4A53-BFE8-F7FF7F219656}
		{10E73FD8-81F9-46D2-AF87-00CDC5FBE718} = {0D777097-1AE1-4139-BB51-BD134091EF37}
		{35186037-8B53-414F-8991-32BCB3EEF82A} = {76B941F2-C2C0-4021-8428-1D123FB1C0CA}
		{6479B112-C66A-49D5-8BF8-20DE583408AE} = {76B941F2-C2C0-4021-8428-1D123FB1C0CA}
		{93CC5758-239D-4F77-B755-0A9543562CA6} = {76B941F2-C2C0-4021-8428-1D123FB1C0CA}
	EndGlobalSection
EndGlobal
