
Microsoft Visual Studio Solution File, Format Version 12.00
# Visual Studio 15
VisualStudioVersion = 15.0.27004.2002
MinimumVisualStudioVersion = 10.0.40219.1
Project("{2150E333-8FDC-42A3-9474-1A3956D46DE8}") = "LGI.Core", "LGI.Core", "{76B941F2-C2C0-4021-8428-1D123FB1C0CA}"
EndProject
Project("{2150E333-8FDC-42A3-9474-1A3956D46DE8}") = "LGI.Hsp", "LGI.Hsp", "{D1120994-9834-4A53-BFE8-F7FF7F219656}"
EndProject
Project("{2150E333-8FDC-42A3-9474-1A3956D46DE8}") = "LGI.Common", "LGI.Common", "{5A86E239-AF85-4858-B138-882A2B0EB586}"
EndProject
Project("{FAE04EC0-301F-11D3-BF4B-00C04F79EFBC}") = "LGI.Core", "LGI.Core\LGI.Core.csproj", "{58C45F46-AB02-4B31-9EB5-7EA45C538C06}"
EndProject
Project("{2150E333-8FDC-42A3-9474-1A3956D46DE8}") = "Solution Items", "Solution Items", "{C91C8C8C-0D76-47E0-841C-E1630CD765F6}"
	ProjectSection(SolutionItems) = preProject
		项目说明.txt = 项目说明.txt
	EndProjectSection
EndProject
Project("{FAE04EC0-301F-11D3-BF4B-00C04F79EFBC}") = "LGI.Core.Model", "LGI.Core.Model\LGI.Core.Model.csproj", "{4C3A3AE4-3B9A-41A7-9363-84298F53E0E2}"
EndProject
Project("{FAE04EC0-301F-11D3-BF4B-00C04F79EFBC}") = "LGI.Hsp.广西大化县人民医院", "LGI.Hsp\广西大化县人民医院\LGI.Hsp.广西大化县人民医院.csproj", "{F4B5C8B1-D447-4584-9EC4-48F720AEBF57}"
EndProject
Project("{FAE04EC0-301F-11D3-BF4B-00C04F79EFBC}") = "LGI.Core.PathGetHis_fz", "LGI.Core.PathGetHis_fz\LGI.Core.PathGetHis_fz.csproj", "{6479B112-C66A-49D5-8BF8-20DE583408AE}"
EndProject
Project("{2150E333-8FDC-42A3-9474-1A3956D46DE8}") = "Tests", "Tests", "{0D777097-1AE1-4139-BB51-BD134091EF37}"
EndProject
Project("{FAE04EC0-301F-11D3-BF4B-00C04F79EFBC}") = "LGI.Hsp.测试医院", "LGI.Hsp\LGI.Hsp.测试医院\LGI.Hsp.测试医院.csproj", "{98351A29-47D0-441B-8BFC-A88FB8306206}"
EndProject
Project("{FAE04EC0-301F-11D3-BF4B-00C04F79EFBC}") = "LGI.CoreTests", "LGI.CoreTests\LGI.CoreTests.csproj", "{664573E3-A518-4DEC-B571-4617FA872AAD}"
EndProject
Project("{FAE04EC0-301F-11D3-BF4B-00C04F79EFBC}") = "LGInterface", "LGI.Core.LGInterface\LGInterface.csproj", "{35186037-8B53-414F-8991-32BCB3EEF82A}"
EndProject
Project("{2150E333-8FDC-42A3-9474-1A3956D46DE8}") = "ETC", "ETC", "{5D8451D7-3DAD-4EAA-B142-3B87D3B63A4E}"
EndProject
Project("{FAE04EC0-301F-11D3-BF4B-00C04F79EFBC}") = "广西大化县人民医院LgInterface20", "LGI.Hsp\etc\广西大化县人民LGInterface\广西大化县人民医院LgInterface20.csproj", "{4615EA38-A544-49EB-BEFA-AB715BB79D10}"
EndProject
Project("{FAE04EC0-301F-11D3-BF4B-00C04F79EFBC}") = "LGI.Core.Utils", "LGI.Core.Utils\LGI.Core.Utils.csproj", "{E0F1EA7B-B20F-479C-B81A-C017BB522DC7}"
EndProject
Project("{FAE04EC0-301F-11D3-BF4B-00C04F79EFBC}") = "LGI.Core.DAL", "LGI.Core.DAL\LGI.Core.DAL.csproj", "{74C6228D-F9E8-42D0-B02E-489F577BE2B6}"
EndProject
Project("{FAE04EC0-301F-11D3-BF4B-00C04F79EFBC}") = "LGI.Common.Crisis", "LGI.Common.Crisis\LGI.Common.Crisis.csproj", "{8C49EF79-2B8D-4E20-B46A-CF4290DC0E38}"
EndProject
Project("{FAE04EC0-301F-11D3-BF4B-00C04F79EFBC}") = "LGI.Core.Common", "LGI.Core.Common\LGI.Core.Common.csproj", "{E5B0C5C8-CC94-42D7-8977-B2359841AF5B}"
EndProject
Project("{FAE04EC0-301F-11D3-BF4B-00C04F79EFBC}") = "LGI.Common", "LGI.Common\LGI.Common.csproj", "{2F109E4F-3C42-4E38-B299-9E80FAFEF971}"
EndProject
Project("{FAE04EC0-301F-11D3-BF4B-00C04F79EFBC}") = "LGI.Hsp.广西大化县人民医院Tests", "LGI.Hsp\LGI.Hsp.广西大化县人民医院Tests\LGI.Hsp.广西大化县人民医院Tests.csproj", "{A421984C-2FB7-4C43-B047-2F76B3887051}"
EndProject
Project("{FAE04EC0-301F-11D3-BF4B-00C04F79EFBC}") = "广西大化县人民医院LgInterface20Tests", "LGI.Hsp\etc\广西大化县人民医院LgInterface20Tests\广西大化县人民医院LgInterface20Tests.csproj", "{9DE67583-50EA-43B7-8452-C01C3743CFF7}"
EndProject
Project("{FAE04EC0-301F-11D3-BF4B-00C04F79EFBC}") = "TestApp", "LGI.Hsp\LGI.Hsp.广西大化县人民医院Tests\TestApp\TestApp.csproj", "{79FC0829-88AF-4BE3-8719-E7BBCD1C05D7}"
EndProject
Project("{FAE04EC0-301F-11D3-BF4B-00C04F79EFBC}") = "湖南汨罗人民医院LgInterface", "LGI.Hsp\etc\湖南汨罗人民医院LgInterface\湖南汨罗人民医院LgInterface.csproj", "{6FF99FE7-CB07-45F5-880E-56990C19EFD0}"
EndProject
Project("{FAE04EC0-301F-11D3-BF4B-00C04F79EFBC}") = "汨罗人民医院Test", "LGI.Hsp\etc\汨罗人民医院Test\汨罗人民医院Test.csproj", "{976651B0-42B2-4B8C-B1A2-57BC63BCDB27}"
EndProject
Project("{FAE04EC0-301F-11D3-BF4B-00C04F79EFBC}") = "LGI.Hsp.湖南汨罗市人民医院", "LGI.Hsp\湖南汨罗市人民医院\LGI.Hsp.湖南汨罗市人民医院.csproj", "{08C9B66D-1F42-457F-BFDA-49399AE60996}"
EndProject
Global
	GlobalSection(SolutionConfigurationPlatforms) = preSolution
		Debug|Any CPU = Debug|Any CPU
		Release|Any CPU = Release|Any CPU
	EndGlobalSection
	GlobalSection(ProjectConfigurationPlatforms) = postSolution
		{58C45F46-AB02-4B31-9EB5-7EA45C538C06}.Debug|Any CPU.ActiveCfg = Debug|Any CPU
		{58C45F46-AB02-4B31-9EB5-7EA45C538C06}.Debug|Any CPU.Build.0 = Debug|Any CPU
		{58C45F46-AB02-4B31-9EB5-7EA45C538C06}.Release|Any CPU.ActiveCfg = Release|Any CPU
		{58C45F46-AB02-4B31-9EB5-7EA45C538C06}.Release|Any CPU.Build.0 = Release|Any CPU
		{4C3A3AE4-3B9A-41A7-9363-84298F53E0E2}.Debug|Any CPU.ActiveCfg = Debug|Any CPU
		{4C3A3AE4-3B9A-41A7-9363-84298F53E0E2}.Debug|Any CPU.Build.0 = Debug|Any CPU
		{4C3A3AE4-3B9A-41A7-9363-84298F53E0E2}.Release|Any CPU.ActiveCfg = Release|Any CPU
		{4C3A3AE4-3B9A-41A7-9363-84298F53E0E2}.Release|Any CPU.Build.0 = Release|Any CPU
		{F4B5C8B1-D447-4584-9EC4-48F720AEBF57}.Debug|Any CPU.ActiveCfg = Debug|Any CPU
		{F4B5C8B1-D447-4584-9EC4-48F720AEBF57}.Debug|Any CPU.Build.0 = Debug|Any CPU
		{F4B5C8B1-D447-4584-9EC4-48F720AEBF57}.Release|Any CPU.ActiveCfg = Release|Any CPU
		{F4B5C8B1-D447-4584-9EC4-48F720AEBF57}.Release|Any CPU.Build.0 = Release|Any CPU
		{6479B112-C66A-49D5-8BF8-20DE583408AE}.Debug|Any CPU.ActiveCfg = Debug|Any CPU
		{6479B112-C66A-49D5-8BF8-20DE583408AE}.Debug|Any CPU.Build.0 = Debug|Any CPU
		{6479B112-C66A-49D5-8BF8-20DE583408AE}.Release|Any CPU.ActiveCfg = Release|Any CPU
		{6479B112-C66A-49D5-8BF8-20DE583408AE}.Release|Any CPU.Build.0 = Release|Any CPU
		{98351A29-47D0-441B-8BFC-A88FB8306206}.Debug|Any CPU.ActiveCfg = Debug|Any CPU
		{98351A29-47D0-441B-8BFC-A88FB8306206}.Debug|Any CPU.Build.0 = Debug|Any CPU
		{98351A29-47D0-441B-8BFC-A88FB8306206}.Release|Any CPU.ActiveCfg = Release|Any CPU
		{98351A29-47D0-441B-8BFC-A88FB8306206}.Release|Any CPU.Build.0 = Release|Any CPU
		{664573E3-A518-4DEC-B571-4617FA872AAD}.Debug|Any CPU.ActiveCfg = Debug|Any CPU
		{664573E3-A518-4DEC-B571-4617FA872AAD}.Debug|Any CPU.Build.0 = Debug|Any CPU
		{664573E3-A518-4DEC-B571-4617FA872AAD}.Release|Any CPU.ActiveCfg = Release|Any CPU
		{664573E3-A518-4DEC-B571-4617FA872AAD}.Release|Any CPU.Build.0 = Release|Any CPU
		{35186037-8B53-414F-8991-32BCB3EEF82A}.Debug|Any CPU.ActiveCfg = Debug|Any CPU
		{35186037-8B53-414F-8991-32BCB3EEF82A}.Debug|Any CPU.Build.0 = Debug|Any CPU
		{35186037-8B53-414F-8991-32BCB3EEF82A}.Release|Any CPU.ActiveCfg = Release|Any CPU
		{35186037-8B53-414F-8991-32BCB3EEF82A}.Release|Any CPU.Build.0 = Release|Any CPU
		{4615EA38-A544-49EB-BEFA-AB715BB79D10}.Debug|Any CPU.ActiveCfg = Debug|Any CPU
		{4615EA38-A544-49EB-BEFA-AB715BB79D10}.Debug|Any CPU.Build.0 = Debug|Any CPU
		{4615EA38-A544-49EB-BEFA-AB715BB79D10}.Release|Any CPU.ActiveCfg = Release|Any CPU
		{4615EA38-A544-49EB-BEFA-AB715BB79D10}.Release|Any CPU.Build.0 = Release|Any CPU
		{E0F1EA7B-B20F-479C-B81A-C017BB522DC7}.Debug|Any CPU.ActiveCfg = Debug|Any CPU
		{E0F1EA7B-B20F-479C-B81A-C017BB522DC7}.Debug|Any CPU.Build.0 = Debug|Any CPU
		{E0F1EA7B-B20F-479C-B81A-C017BB522DC7}.Release|Any CPU.ActiveCfg = Release|Any CPU
		{E0F1EA7B-B20F-479C-B81A-C017BB522DC7}.Release|Any CPU.Build.0 = Release|Any CPU
		{74C6228D-F9E8-42D0-B02E-489F577BE2B6}.Debug|Any CPU.ActiveCfg = Debug|Any CPU
		{74C6228D-F9E8-42D0-B02E-489F577BE2B6}.Debug|Any CPU.Build.0 = Debug|Any CPU
		{74C6228D-F9E8-42D0-B02E-489F577BE2B6}.Release|Any CPU.ActiveCfg = Release|Any CPU
		{74C6228D-F9E8-42D0-B02E-489F577BE2B6}.Release|Any CPU.Build.0 = Release|Any CPU
		{8C49EF79-2B8D-4E20-B46A-CF4290DC0E38}.Debug|Any CPU.ActiveCfg = Debug|Any CPU
		{8C49EF79-2B8D-4E20-B46A-CF4290DC0E38}.Debug|Any CPU.Build.0 = Debug|Any CPU
		{8C49EF79-2B8D-4E20-B46A-CF4290DC0E38}.Release|Any CPU.ActiveCfg = Release|Any CPU
		{8C49EF79-2B8D-4E20-B46A-CF4290DC0E38}.Release|Any CPU.Build.0 = Release|Any CPU
		{E5B0C5C8-CC94-42D7-8977-B2359841AF5B}.Debug|Any CPU.ActiveCfg = Debug|Any CPU
		{E5B0C5C8-CC94-42D7-8977-B2359841AF5B}.Debug|Any CPU.Build.0 = Debug|Any CPU
		{E5B0C5C8-CC94-42D7-8977-B2359841AF5B}.Release|Any CPU.ActiveCfg = Release|Any CPU
		{E5B0C5C8-CC94-42D7-8977-B2359841AF5B}.Release|Any CPU.Build.0 = Release|Any CPU
		{2F109E4F-3C42-4E38-B299-9E80FAFEF971}.Debug|Any CPU.ActiveCfg = Debug|Any CPU
		{2F109E4F-3C42-4E38-B299-9E80FAFEF971}.Debug|Any CPU.Build.0 = Debug|Any CPU
		{2F109E4F-3C42-4E38-B299-9E80FAFEF971}.Release|Any CPU.ActiveCfg = Release|Any CPU
		{2F109E4F-3C42-4E38-B299-9E80FAFEF971}.Release|Any CPU.Build.0 = Release|Any CPU
		{A421984C-2FB7-4C43-B047-2F76B3887051}.Debug|Any CPU.ActiveCfg = Debug|Any CPU
		{A421984C-2FB7-4C43-B047-2F76B3887051}.Debug|Any CPU.Build.0 = Debug|Any CPU
		{A421984C-2FB7-4C43-B047-2F76B3887051}.Release|Any CPU.ActiveCfg = Release|Any CPU
		{A421984C-2FB7-4C43-B047-2F76B3887051}.Release|Any CPU.Build.0 = Release|Any CPU
		{9DE67583-50EA-43B7-8452-C01C3743CFF7}.Debug|Any CPU.ActiveCfg = Debug|Any CPU
		{9DE67583-50EA-43B7-8452-C01C3743CFF7}.Debug|Any CPU.Build.0 = Debug|Any CPU
		{9DE67583-50EA-43B7-8452-C01C3743CFF7}.Release|Any CPU.ActiveCfg = Release|Any CPU
		{9DE67583-50EA-43B7-8452-C01C3743CFF7}.Release|Any CPU.Build.0 = Release|Any CPU
		{79FC0829-88AF-4BE3-8719-E7BBCD1C05D7}.Debug|Any CPU.ActiveCfg = Debug|Any CPU
		{79FC0829-88AF-4BE3-8719-E7BBCD1C05D7}.Debug|Any CPU.Build.0 = Debug|Any CPU
		{79FC0829-88AF-4BE3-8719-E7BBCD1C05D7}.Release|Any CPU.ActiveCfg = Release|Any CPU
		{79FC0829-88AF-4BE3-8719-E7BBCD1C05D7}.Release|Any CPU.Build.0 = Release|Any CPU
		{6FF99FE7-CB07-45F5-880E-56990C19EFD0}.Debug|Any CPU.ActiveCfg = Debug|Any CPU
		{6FF99FE7-CB07-45F5-880E-56990C19EFD0}.Debug|Any CPU.Build.0 = Debug|Any CPU
		{6FF99FE7-CB07-45F5-880E-56990C19EFD0}.Release|Any CPU.ActiveCfg = Release|Any CPU
		{6FF99FE7-CB07-45F5-880E-56990C19EFD0}.Release|Any CPU.Build.0 = Release|Any CPU
		{976651B0-42B2-4B8C-B1A2-57BC63BCDB27}.Debug|Any CPU.ActiveCfg = Debug|Any CPU
		{976651B0-42B2-4B8C-B1A2-57BC63BCDB27}.Debug|Any CPU.Build.0 = Debug|Any CPU
		{976651B0-42B2-4B8C-B1A2-57BC63BCDB27}.Release|Any CPU.ActiveCfg = Release|Any CPU
		{976651B0-42B2-4B8C-B1A2-57BC63BCDB27}.Release|Any CPU.Build.0 = Release|Any CPU
		{08C9B66D-1F42-457F-BFDA-49399AE60996}.Debug|Any CPU.ActiveCfg = Debug|Any CPU
		{08C9B66D-1F42-457F-BFDA-49399AE60996}.Debug|Any CPU.Build.0 = Debug|Any CPU
		{08C9B66D-1F42-457F-BFDA-49399AE60996}.Release|Any CPU.ActiveCfg = Release|Any CPU
		{08C9B66D-1F42-457F-BFDA-49399AE60996}.Release|Any CPU.Build.0 = Release|Any CPU
	EndGlobalSection
	GlobalSection(SolutionProperties) = preSolution
		HideSolutionNode = FALSE
	EndGlobalSection
	GlobalSection(NestedProjects) = preSolution
		{58C45F46-AB02-4B31-9EB5-7EA45C538C06} = {76B941F2-C2C0-4021-8428-1D123FB1C0CA}
		{4C3A3AE4-3B9A-41A7-9363-84298F53E0E2} = {76B941F2-C2C0-4021-8428-1D123FB1C0CA}
		{F4B5C8B1-D447-4584-9EC4-48F720AEBF57} = {D1120994-9834-4A53-BFE8-F7FF7F219656}
		{6479B112-C66A-49D5-8BF8-20DE583408AE} = {76B941F2-C2C0-4021-8428-1D123FB1C0CA}
		{98351A29-47D0-441B-8BFC-A88FB8306206} = {D1120994-9834-4A53-BFE8-F7FF7F219656}
		{664573E3-A518-4DEC-B571-4617FA872AAD} = {0D777097-1AE1-4139-BB51-BD134091EF37}
		{35186037-8B53-414F-8991-32BCB3EEF82A} = {76B941F2-C2C0-4021-8428-1D123FB1C0CA}
		{5D8451D7-3DAD-4EAA-B142-3B87D3B63A4E} = {D1120994-9834-4A53-BFE8-F7FF7F219656}
		{4615EA38-A544-49EB-BEFA-AB715BB79D10} = {5D8451D7-3DAD-4EAA-B142-3B87D3B63A4E}
		{E0F1EA7B-B20F-479C-B81A-C017BB522DC7} = {76B941F2-C2C0-4021-8428-1D123FB1C0CA}
		{74C6228D-F9E8-42D0-B02E-489F577BE2B6} = {76B941F2-C2C0-4021-8428-1D123FB1C0CA}
		{8C49EF79-2B8D-4E20-B46A-CF4290DC0E38} = {5A86E239-AF85-4858-B138-882A2B0EB586}
		{E5B0C5C8-CC94-42D7-8977-B2359841AF5B} = {76B941F2-C2C0-4021-8428-1D123FB1C0CA}
		{2F109E4F-3C42-4E38-B299-9E80FAFEF971} = {5A86E239-AF85-4858-B138-882A2B0EB586}
		{A421984C-2FB7-4C43-B047-2F76B3887051} = {0D777097-1AE1-4139-BB51-BD134091EF37}
		{9DE67583-50EA-43B7-8452-C01C3743CFF7} = {0D777097-1AE1-4139-BB51-BD134091EF37}
		{79FC0829-88AF-4BE3-8719-E7BBCD1C05D7} = {0D777097-1AE1-4139-BB51-BD134091EF37}
		{6FF99FE7-CB07-45F5-880E-56990C19EFD0} = {5D8451D7-3DAD-4EAA-B142-3B87D3B63A4E}
		{976651B0-42B2-4B8C-B1A2-57BC63BCDB27} = {5D8451D7-3DAD-4EAA-B142-3B87D3B63A4E}
		{08C9B66D-1F42-457F-BFDA-49399AE60996} = {D1120994-9834-4A53-BFE8-F7FF7F219656}
	EndGlobalSection
	GlobalSection(ExtensibilityGlobals) = postSolution
		SolutionGuid = {7AE3016B-0D22-45A9-961B-FA0B8200EFD4}
	EndGlobalSection
EndGlobal
