
Microsoft Visual Studio Solution File, Format Version 12.00
# Visual Studio 14
VisualStudioVersion = 14.0.25420.1
MinimumVisualStudioVersion = 10.0.40219.1
Project("{2150E333-8FDC-42A3-9474-1A3956D46DE8}") = "LGI.Core", "LGI.Core", "{76B941F2-C2C0-4021-8428-1D123FB1C0CA}"
EndProject
Project("{2150E333-8FDC-42A3-9474-1A3956D46DE8}") = "LGI.Common", "LGI.Common", "{5A86E239-AF85-4858-B138-882A2B0EB586}"
EndProject
Project("{FAE04EC0-301F-11D3-BF4B-00C04F79EFBC}") = "LGI.Core", "LGI.Core\LGI.Core.csproj", "{58C45F46-AB02-4B31-9EB5-7EA45C538C06}"
EndProject
Project("{2150E333-8FDC-42A3-9474-1A3956D46DE8}") = "Solution Items", "Solution Items", "{C91C8C8C-0D76-47E0-841C-E1630CD765F6}"
	ProjectSection(SolutionItems) = preProject
		项目说明.txt = 项目说明.txt
	EndProjectSection
EndProject
Project("{FAE04EC0-301F-11D3-BF4B-00C04F79EFBC}") = "LGI.Core.Model", "LGI.Core.Model\LGI.Core.Model.csproj", "{4C3A3AE4-3B9A-41A7-9363-84298F53E0E2}"
EndProject
Project("{FAE04EC0-301F-11D3-BF4B-00C04F79EFBC}") = "LGI.Core.Utils", "LGI.Core.Utils\LGI.Core.Utils.csproj", "{E0F1EA7B-B20F-479C-B81A-C017BB522DC7}"
EndProject
Project("{FAE04EC0-301F-11D3-BF4B-00C04F79EFBC}") = "LGI.Core.DAL", "LGI.Core.DAL\LGI.Core.DAL.csproj", "{74C6228D-F9E8-42D0-B02E-489F577BE2B6}"
EndProject
Project("{FAE04EC0-301F-11D3-BF4B-00C04F79EFBC}") = "LGI.Core.Common", "LGI.Core.Common\LGI.Core.Common.csproj", "{E5B0C5C8-CC94-42D7-8977-B2359841AF5B}"
EndProject
Project("{FAE04EC0-301F-11D3-BF4B-00C04F79EFBC}") = "LGI.Common", "LGI.Common\LGI.Common.csproj", "{2F109E4F-3C42-4E38-B299-9E80FAFEF971}"
EndProject
Project("{FAE04EC0-301F-11D3-BF4B-00C04F79EFBC}") = "WebReport", "WebReport\WebReport\WebReport.csproj", "{71C0A519-4C66-437E-BC53-C9CDCA16ED1E}"
EndProject
Global
	GlobalSection(SolutionConfigurationPlatforms) = preSolution
		Debug|Any CPU = Debug|Any CPU
		Release|Any CPU = Release|Any CPU
	EndGlobalSection
	GlobalSection(ProjectConfigurationPlatforms) = postSolution
		{58C45F46-AB02-4B31-9EB5-7EA45C538C06}.Debug|Any CPU.ActiveCfg = Debug|Any CPU
		{58C45F46-AB02-4B31-9EB5-7EA45C538C06}.Debug|Any CPU.Build.0 = Debug|Any CPU
		{58C45F46-AB02-4B31-9EB5-7EA45C538C06}.Release|Any CPU.ActiveCfg = Release|Any CPU
		{58C45F46-AB02-4B31-9EB5-7EA45C538C06}.Release|Any CPU.Build.0 = Release|Any CPU
		{4C3A3AE4-3B9A-41A7-9363-84298F53E0E2}.Debug|Any CPU.ActiveCfg = Debug|Any CPU
		{4C3A3AE4-3B9A-41A7-9363-84298F53E0E2}.Debug|Any CPU.Build.0 = Debug|Any CPU
		{4C3A3AE4-3B9A-41A7-9363-84298F53E0E2}.Release|Any CPU.ActiveCfg = Release|Any CPU
		{4C3A3AE4-3B9A-41A7-9363-84298F53E0E2}.Release|Any CPU.Build.0 = Release|Any CPU
		{E0F1EA7B-B20F-479C-B81A-C017BB522DC7}.Debug|Any CPU.ActiveCfg = Debug|Any CPU
		{E0F1EA7B-B20F-479C-B81A-C017BB522DC7}.Debug|Any CPU.Build.0 = Debug|Any CPU
		{E0F1EA7B-B20F-479C-B81A-C017BB522DC7}.Release|Any CPU.ActiveCfg = Release|Any CPU
		{E0F1EA7B-B20F-479C-B81A-C017BB522DC7}.Release|Any CPU.Build.0 = Release|Any CPU
		{74C6228D-F9E8-42D0-B02E-489F577BE2B6}.Debug|Any CPU.ActiveCfg = Debug|Any CPU
		{74C6228D-F9E8-42D0-B02E-489F577BE2B6}.Debug|Any CPU.Build.0 = Debug|Any CPU
		{74C6228D-F9E8-42D0-B02E-489F577BE2B6}.Release|Any CPU.ActiveCfg = Release|Any CPU
		{74C6228D-F9E8-42D0-B02E-489F577BE2B6}.Release|Any CPU.Build.0 = Release|Any CPU
		{E5B0C5C8-CC94-42D7-8977-B2359841AF5B}.Debug|Any CPU.ActiveCfg = Debug|Any CPU
		{E5B0C5C8-CC94-42D7-8977-B2359841AF5B}.Debug|Any CPU.Build.0 = Debug|Any CPU
		{E5B0C5C8-CC94-42D7-8977-B2359841AF5B}.Release|Any CPU.ActiveCfg = Release|Any CPU
		{E5B0C5C8-CC94-42D7-8977-B2359841AF5B}.Release|Any CPU.Build.0 = Release|Any CPU
		{2F109E4F-3C42-4E38-B299-9E80FAFEF971}.Debug|Any CPU.ActiveCfg = Debug|Any CPU
		{2F109E4F-3C42-4E38-B299-9E80FAFEF971}.Debug|Any CPU.Build.0 = Debug|Any CPU
		{2F109E4F-3C42-4E38-B299-9E80FAFEF971}.Release|Any CPU.ActiveCfg = Release|Any CPU
		{2F109E4F-3C42-4E38-B299-9E80FAFEF971}.Release|Any CPU.Build.0 = Release|Any CPU
		{71C0A519-4C66-437E-BC53-C9CDCA16ED1E}.Debug|Any CPU.ActiveCfg = Debug|Any CPU
		{71C0A519-4C66-437E-BC53-C9CDCA16ED1E}.Debug|Any CPU.Build.0 = Debug|Any CPU
		{71C0A519-4C66-437E-BC53-C9CDCA16ED1E}.Release|Any CPU.ActiveCfg = Release|Any CPU
		{71C0A519-4C66-437E-BC53-C9CDCA16ED1E}.Release|Any CPU.Build.0 = Release|Any CPU
	EndGlobalSection
	GlobalSection(SolutionProperties) = preSolution
		HideSolutionNode = FALSE
	EndGlobalSection
	GlobalSection(NestedProjects) = preSolution
		{58C45F46-AB02-4B31-9EB5-7EA45C538C06} = {76B941F2-C2C0-4021-8428-1D123FB1C0CA}
		{4C3A3AE4-3B9A-41A7-9363-84298F53E0E2} = {76B941F2-C2C0-4021-8428-1D123FB1C0CA}
		{E0F1EA7B-B20F-479C-B81A-C017BB522DC7} = {76B941F2-C2C0-4021-8428-1D123FB1C0CA}
		{74C6228D-F9E8-42D0-B02E-489F577BE2B6} = {76B941F2-C2C0-4021-8428-1D123FB1C0CA}
		{E5B0C5C8-CC94-42D7-8977-B2359841AF5B} = {76B941F2-C2C0-4021-8428-1D123FB1C0CA}
		{2F109E4F-3C42-4E38-B299-9E80FAFEF971} = {5A86E239-AF85-4858-B138-882A2B0EB586}
	EndGlobalSection
EndGlobal
